
Microsoft Visual Studio Solution File, Format Version 12.00
# Visual Studio Version 16
VisualStudioVersion = 16.0.29306.81
MinimumVisualStudioVersion = 10.0.40219.1
Project("{FAE04EC0-301F-11D3-BF4B-00C04F79EFBC}") = "TourPal1.0", "TourPal1.0\TourPal1.0.csproj", "{8B6ADDE0-57A5-4EBA-8AE9-66F5B2D59D79}"
EndProject
Global
	GlobalSection(SolutionConfigurationPlatforms) = preSolution
		Debug|Any CPU = Debug|Any CPU
		Release|Any CPU = Release|Any CPU
	EndGlobalSection
	GlobalSection(ProjectConfigurationPlatforms) = postSolution
		{8B6ADDE0-57A5-4EBA-8AE9-66F5B2D59D79}.Debug|Any CPU.ActiveCfg = Debug|Any CPU
		{8B6ADDE0-57A5-4EBA-8AE9-66F5B2D59D79}.Debug|Any CPU.Build.0 = Debug|Any CPU
		{8B6ADDE0-57A5-4EBA-8AE9-66F5B2D59D79}.Release|Any CPU.ActiveCfg = Release|Any CPU
		{8B6ADDE0-57A5-4EBA-8AE9-66F5B2D59D79}.Release|Any CPU.Build.0 = Release|Any CPU
	EndGlobalSection
	GlobalSection(SolutionProperties) = preSolution
		HideSolutionNode = FALSE
	EndGlobalSection
	GlobalSection(ExtensibilityGlobals) = postSolution
		SolutionGuid = {1684FF9F-8DC1-4585-B6FE-AFDE6AE4AF5D}
	EndGlobalSection
EndGlobal
